
Microsoft Visual Studio Solution File, Format Version 12.00
# Visual Studio Version 17
VisualStudioVersion = 17.2.32516.85
MinimumVisualStudioVersion = 10.0.40219.1
Project("{9A19103F-16F7-4668-BE54-9A1E7A4F7556}") = "NationalParksAPI", "NationalParksAPI\NationalParksAPI.csproj", "{69D2F6E3-F662-412D-A9C5-33C8216B6336}"
EndProject
Project("{FAE04EC0-301F-11D3-BF4B-00C04F79EFBC}") = "NationalParksWeb", "NationalParksWeb\NationalParksWeb.csproj", "{F3339D97-CADF-4879-A2F3-1E5F86BF385D}"
EndProject
Global
	GlobalSection(SolutionConfigurationPlatforms) = preSolution
		Debug|Any CPU = Debug|Any CPU
		Release|Any CPU = Release|Any CPU
	EndGlobalSection
	GlobalSection(ProjectConfigurationPlatforms) = postSolution
		{69D2F6E3-F662-412D-A9C5-33C8216B6336}.Debug|Any CPU.ActiveCfg = Debug|Any CPU
		{69D2F6E3-F662-412D-A9C5-33C8216B6336}.Debug|Any CPU.Build.0 = Debug|Any CPU
		{69D2F6E3-F662-412D-A9C5-33C8216B6336}.Release|Any CPU.ActiveCfg = Release|Any CPU
		{69D2F6E3-F662-412D-A9C5-33C8216B6336}.Release|Any CPU.Build.0 = Release|Any CPU
		{F3339D97-CADF-4879-A2F3-1E5F86BF385D}.Debug|Any CPU.ActiveCfg = Debug|Any CPU
		{F3339D97-CADF-4879-A2F3-1E5F86BF385D}.Debug|Any CPU.Build.0 = Debug|Any CPU
		{F3339D97-CADF-4879-A2F3-1E5F86BF385D}.Release|Any CPU.ActiveCfg = Release|Any CPU
		{F3339D97-CADF-4879-A2F3-1E5F86BF385D}.Release|Any CPU.Build.0 = Release|Any CPU
	EndGlobalSection
	GlobalSection(SolutionProperties) = preSolution
		HideSolutionNode = FALSE
	EndGlobalSection
	GlobalSection(ExtensibilityGlobals) = postSolution
		SolutionGuid = {B2CA631B-8E27-4E0B-ADF8-13CD83BDA7F3}
	EndGlobalSection
EndGlobal
